
Microsoft Visual Studio Solution File, Format Version 12.00
# Visual Studio Version 17
VisualStudioVersion = 17.11.35208.52
MinimumVisualStudioVersion = 10.0.40219.1
Project("{9A19103F-16F7-4668-BE54-9A1E7A4F7556}") = "DockerBackup.App", "DockerBackup.App\DockerBackup.App.csproj", "{FE620B38-2683-4CD7-9B35-BAD61EA31944}"
EndProject
Project("{FAE04EC0-301F-11D3-BF4B-00C04F79EFBC}") = "DockerBackup.Model", "DockerBackup.Model\DockerBackup.Model.csproj", "{548D55E6-E1BA-4184-AB64-9A20C9525795}"
EndProject
Global
	GlobalSection(SolutionConfigurationPlatforms) = preSolution
		Debug|Any CPU = Debug|Any CPU
		Release|Any CPU = Release|Any CPU
	EndGlobalSection
	GlobalSection(ProjectConfigurationPlatforms) = postSolution
		{FE620B38-2683-4CD7-9B35-BAD61EA31944}.Debug|Any CPU.ActiveCfg = Debug|Any CPU
		{FE620B38-2683-4CD7-9B35-BAD61EA31944}.Debug|Any CPU.Build.0 = Debug|Any CPU
		{FE620B38-2683-4CD7-9B35-BAD61EA31944}.Release|Any CPU.ActiveCfg = Release|Any CPU
		{FE620B38-2683-4CD7-9B35-BAD61EA31944}.Release|Any CPU.Build.0 = Release|Any CPU
		{548D55E6-E1BA-4184-AB64-9A20C9525795}.Debug|Any CPU.ActiveCfg = Debug|Any CPU
		{548D55E6-E1BA-4184-AB64-9A20C9525795}.Debug|Any CPU.Build.0 = Debug|Any CPU
		{548D55E6-E1BA-4184-AB64-9A20C9525795}.Release|Any CPU.ActiveCfg = Release|Any CPU
		{548D55E6-E1BA-4184-AB64-9A20C9525795}.Release|Any CPU.Build.0 = Release|Any CPU
	EndGlobalSection
	GlobalSection(SolutionProperties) = preSolution
		HideSolutionNode = FALSE
	EndGlobalSection
	GlobalSection(ExtensibilityGlobals) = postSolution
		SolutionGuid = {D7B4B025-A29C-4256-919D-8EAB0A71C9FD}
	EndGlobalSection
EndGlobal
